
Microsoft Visual Studio Solution File, Format Version 11.00
# Visual Studio 2010
Project("{FAE04EC0-301F-11D3-BF4B-00C04F79EFBC}") = "MyScript_", "MyScript_.csproj", "{9F536485-4920-48EA-8C2B-4C9ED654B8FC}"
EndProject
Global
	GlobalSection(SolutionConfigurationPlatforms) = preSolution
		Debug|x86 = Debug|x86
		Release|x86 = Release|x86
	EndGlobalSection
	GlobalSection(ProjectConfigurationPlatforms) = postSolution
		{9F536485-4920-48EA-8C2B-4C9ED654B8FC}.Debug|x86.ActiveCfg = Debug|x86
		{9F536485-4920-48EA-8C2B-4C9ED654B8FC}.Debug|x86.Build.0 = Debug|x86
		{9F536485-4920-48EA-8C2B-4C9ED654B8FC}.Release|x86.ActiveCfg = Release|x86
		{9F536485-4920-48EA-8C2B-4C9ED654B8FC}.Release|x86.Build.0 = Release|x86
	EndGlobalSection
	GlobalSection(SolutionProperties) = preSolution
		HideSolutionNode = FALSE
	EndGlobalSection
EndGlobal
